
Microsoft Visual Studio Solution File, Format Version 9.00
# Visual Studio 2005
Project("{8BC9CEB8-8B4A-11D0-8D11-00A0C91BC942}") = "Nes_Emu", "Nes_Emu.vcproj", "{BF3CA15C-51D8-4785-8AB9-32F72D5E08CB}"
	ProjectSection(ProjectDependencies) = postProject
		{663FB33A-7E53-42B7-A33C-6737E3A0EF02} = {663FB33A-7E53-42B7-A33C-6737E3A0EF02}
	EndProjectSection
EndProject
Project("{8BC9CEB8-8B4A-11D0-8D11-00A0C91BC942}") = "lib", "..\..\Nes_Emu-0.5.4\win32\lib.vcproj", "{663FB33A-7E53-42B7-A33C-6737E3A0EF02}"
EndProject
Global
	GlobalSection(SourceCodeControl) = preSolution
		SccNumberOfProjects = 3
		SccProjectName0 = \u0022$/emulation/Nes_Emu.root/Nes_Emu\u0022,\u0020DAAAAAAA
		SccLocalPath0 = ..\\..
		SccProvider0 = MSSCCI:Microsoft\u0020Visual\u0020SourceSafe
		SccProjectFilePathRelativizedFromConnection0 = Nes_Emu\\Nes_Emu\\
		SccProjectUniqueName1 = Nes_Emu.vcproj
		SccLocalPath1 = ..\\..
		SccProjectFilePathRelativizedFromConnection1 = Nes_Emu\\Nes_Emu\\
		SccProjectUniqueName2 = ..\\..\\Nes_Emu-0.5.4\\win32\\lib.vcproj
		SccLocalPath2 = ..\\..
		SccProjectFilePathRelativizedFromConnection2 = Nes_Emu-0.5.4\\win32\\
	EndGlobalSection
	GlobalSection(SolutionConfigurationPlatforms) = preSolution
		Debug|Win32 = Debug|Win32
		Release|Win32 = Release|Win32
	EndGlobalSection
	GlobalSection(ProjectConfigurationPlatforms) = postSolution
		{BF3CA15C-51D8-4785-8AB9-32F72D5E08CB}.Debug|Win32.ActiveCfg = Debug|Win32
		{BF3CA15C-51D8-4785-8AB9-32F72D5E08CB}.Debug|Win32.Build.0 = Debug|Win32
		{BF3CA15C-51D8-4785-8AB9-32F72D5E08CB}.Release|Win32.ActiveCfg = Release|Win32
		{BF3CA15C-51D8-4785-8AB9-32F72D5E08CB}.Release|Win32.Build.0 = Release|Win32
		{663FB33A-7E53-42B7-A33C-6737E3A0EF02}.Debug|Win32.ActiveCfg = Debug|Win32
		{663FB33A-7E53-42B7-A33C-6737E3A0EF02}.Debug|Win32.Build.0 = Debug|Win32
		{663FB33A-7E53-42B7-A33C-6737E3A0EF02}.Release|Win32.ActiveCfg = Release|Win32
		{663FB33A-7E53-42B7-A33C-6737E3A0EF02}.Release|Win32.Build.0 = Release|Win32
	EndGlobalSection
	GlobalSection(SolutionProperties) = preSolution
		HideSolutionNode = FALSE
	EndGlobalSection
EndGlobal
